
Microsoft Visual Studio Solution File, Format Version 12.00
# Visual Studio Version 17
VisualStudioVersion = 17.5.002.0
MinimumVisualStudioVersion = 10.0.40219.1
Project("{2150E333-8FDC-42A3-9474-1A3956D46DE8}") = "csharp-prep", "csharp-prep", "{785BC188-81B9-4A7B-BFE5-0019D44A6090}"
EndProject
Project("{9A19103F-16F7-4668-BE54-9A1E7A4F7556}") = "Prep1", "csharp-prep\Prep1\Prep1.csproj", "{98EAEE99-716E-4C36-B451-643332618A7E}"
EndProject
Project("{9A19103F-16F7-4668-BE54-9A1E7A4F7556}") = "Prep2", "csharp-prep\Prep2\Prep2.csproj", "{ABB076F3-7548-4BC5-8991-523A5AB3AF26}"
EndProject
Project("{9A19103F-16F7-4668-BE54-9A1E7A4F7556}") = "Prep3", "csharp-prep\Prep3\Prep3.csproj", "{49666B60-3792-465B-A2A8-A4DF1BDF7E2B}"
EndProject
Project("{9A19103F-16F7-4668-BE54-9A1E7A4F7556}") = "Prep4", "csharp-prep\Prep4\Prep4.csproj", "{E5EA7EB6-47E9-4132-9172-3D55A21AAF46}"
EndProject
Project("{9A19103F-16F7-4668-BE54-9A1E7A4F7556}") = "Prep5", "csharp-prep\Prep5\Prep5.csproj", "{F5A9A757-1CB4-47EA-BC65-E7AEE1C908F0}"
EndProject
Project("{2150E333-8FDC-42A3-9474-1A3956D46DE8}") = "final", "final", "{55162D43-1BD4-4ED0-9CEC-4576F96A0A33}"
EndProject
Project("{9A19103F-16F7-4668-BE54-9A1E7A4F7556}") = "FinalProject", "final\FinalProject\FinalProject.csproj", "{E117BD28-EBDD-49B5-A794-AFBF18380CA7}"
EndProject
Project("{9A19103F-16F7-4668-BE54-9A1E7A4F7556}") = "Foundation1", "final\Foundation1\Foundation1.csproj", "{23B4A9AF-B668-40A0-84F0-37C6CD73F72E}"
EndProject
Project("{9A19103F-16F7-4668-BE54-9A1E7A4F7556}") = "Foundation2", "final\Foundation2\Foundation2.csproj", "{F3248D85-7E2D-49B3-92F0-F91A5FF47EF5}"
EndProject
Project("{9A19103F-16F7-4668-BE54-9A1E7A4F7556}") = "Foundation3", "final\Foundation3\Foundation3.csproj", "{98E6A9E7-E9A0-4B29-BD3D-E25081EE6A9D}"
EndProject
Project("{9A19103F-16F7-4668-BE54-9A1E7A4F7556}") = "Foundation4", "final\Foundation4\Foundation4.csproj", "{286C3972-63C7-4D3B-A93E-74C6F9468048}"
EndProject
Project("{2150E333-8FDC-42A3-9474-1A3956D46DE8}") = "prepare", "prepare", "{1BDB8543-D511-4222-A5CF-24193BDD0977}"
EndProject
Project("{9A19103F-16F7-4668-BE54-9A1E7A4F7556}") = "Learning02", "prepare\Learning02\Learning02.csproj", "{9502A442-174F-4B96-9955-C561517CD2C7}"
EndProject
Project("{9A19103F-16F7-4668-BE54-9A1E7A4F7556}") = "Learning03", "prepare\Learning03\Learning03.csproj", "{07D8C3A3-AD04-4077-983F-74E5E84FDE93}"
EndProject
Project("{9A19103F-16F7-4668-BE54-9A1E7A4F7556}") = "Learning04", "prepare\Learning04\Learning04.csproj", "{2C93A441-739B-41F1-B476-1A26F185ACD0}"
EndProject
Project("{9A19103F-16F7-4668-BE54-9A1E7A4F7556}") = "Learning05", "prepare\Learning05\Learning05.csproj", "{38796564-7CD6-4E78-B2B1-F17179DF3F95}"
EndProject
Project("{2150E333-8FDC-42A3-9474-1A3956D46DE8}") = "prove", "prove", "{430EC02F-1956-4200-A06B-C63E2741A16C}"
EndProject
Project("{9A19103F-16F7-4668-BE54-9A1E7A4F7556}") = "Develop02", "prove\Develop02\Develop02.csproj", "{40501813-05B5-4DCC-8268-D39B5D2F188B}"
EndProject
Project("{9A19103F-16F7-4668-BE54-9A1E7A4F7556}") = "Develop03", "prove\Develop03\Develop03.csproj", "{C64C9849-D1C6-4AB2-BB7C-B0BA23C52943}"
EndProject
Project("{9A19103F-16F7-4668-BE54-9A1E7A4F7556}") = "Develop04", "prove\Develop04\Develop04.csproj", "{E56E7071-BC5D-4CAE-A665-ACCD4810E733}"
EndProject
Project("{9A19103F-16F7-4668-BE54-9A1E7A4F7556}") = "Develop05", "prove\Develop05\Develop05.csproj", "{6DF6783F-2C57-49B2-8515-BF45472F5C50}"
EndProject
Project("{2150E333-8FDC-42A3-9474-1A3956D46DE8}") = "sandbox", "sandbox", "{0F84C380-E3C4-4284-A74D-FB87365B0888}"
EndProject
Project("{9A19103F-16F7-4668-BE54-9A1E7A4F7556}") = "Sandbox", "sandbox\Sandbox\Sandbox.csproj", "{185314E8-7D47-4063-B7B6-6D86000B5218}"
EndProject
Global
	GlobalSection(SolutionConfigurationPlatforms) = preSolution
		Debug|Any CPU = Debug|Any CPU
		Release|Any CPU = Release|Any CPU
	EndGlobalSection
	GlobalSection(ProjectConfigurationPlatforms) = postSolution
		{98EAEE99-716E-4C36-B451-643332618A7E}.Debug|Any CPU.ActiveCfg = Debug|Any CPU
		{98EAEE99-716E-4C36-B451-643332618A7E}.Debug|Any CPU.Build.0 = Debug|Any CPU
		{98EAEE99-716E-4C36-B451-643332618A7E}.Release|Any CPU.ActiveCfg = Release|Any CPU
		{98EAEE99-716E-4C36-B451-643332618A7E}.Release|Any CPU.Build.0 = Release|Any CPU
		{ABB076F3-7548-4BC5-8991-523A5AB3AF26}.Debug|Any CPU.ActiveCfg = Debug|Any CPU
		{ABB076F3-7548-4BC5-8991-523A5AB3AF26}.Debug|Any CPU.Build.0 = Debug|Any CPU
		{ABB076F3-7548-4BC5-8991-523A5AB3AF26}.Release|Any CPU.ActiveCfg = Release|Any CPU
		{ABB076F3-7548-4BC5-8991-523A5AB3AF26}.Release|Any CPU.Build.0 = Release|Any CPU
		{49666B60-3792-465B-A2A8-A4DF1BDF7E2B}.Debug|Any CPU.ActiveCfg = Debug|Any CPU
		{49666B60-3792-465B-A2A8-A4DF1BDF7E2B}.Debug|Any CPU.Build.0 = Debug|Any CPU
		{49666B60-3792-465B-A2A8-A4DF1BDF7E2B}.Release|Any CPU.ActiveCfg = Release|Any CPU
		{49666B60-3792-465B-A2A8-A4DF1BDF7E2B}.Release|Any CPU.Build.0 = Release|Any CPU
		{E5EA7EB6-47E9-4132-9172-3D55A21AAF46}.Debug|Any CPU.ActiveCfg = Debug|Any CPU
		{E5EA7EB6-47E9-4132-9172-3D55A21AAF46}.Debug|Any CPU.Build.0 = Debug|Any CPU
		{E5EA7EB6-47E9-4132-9172-3D55A21AAF46}.Release|Any CPU.ActiveCfg = Release|Any CPU
		{E5EA7EB6-47E9-4132-9172-3D55A21AAF46}.Release|Any CPU.Build.0 = Release|Any CPU
		{F5A9A757-1CB4-47EA-BC65-E7AEE1C908F0}.Debug|Any CPU.ActiveCfg = Debug|Any CPU
		{F5A9A757-1CB4-47EA-BC65-E7AEE1C908F0}.Debug|Any CPU.Build.0 = Debug|Any CPU
		{F5A9A757-1CB4-47EA-BC65-E7AEE1C908F0}.Release|Any CPU.ActiveCfg = Release|Any CPU
		{F5A9A757-1CB4-47EA-BC65-E7AEE1C908F0}.Release|Any CPU.Build.0 = Release|Any CPU
		{E117BD28-EBDD-49B5-A794-AFBF18380CA7}.Debug|Any CPU.ActiveCfg = Debug|Any CPU
		{E117BD28-EBDD-49B5-A794-AFBF18380CA7}.Debug|Any CPU.Build.0 = Debug|Any CPU
		{E117BD28-EBDD-49B5-A794-AFBF18380CA7}.Release|Any CPU.ActiveCfg = Release|Any CPU
		{E117BD28-EBDD-49B5-A794-AFBF18380CA7}.Release|Any CPU.Build.0 = Release|Any CPU
		{23B4A9AF-B668-40A0-84F0-37C6CD73F72E}.Debug|Any CPU.ActiveCfg = Debug|Any CPU
		{23B4A9AF-B668-40A0-84F0-37C6CD73F72E}.Debug|Any CPU.Build.0 = Debug|Any CPU
		{23B4A9AF-B668-40A0-84F0-37C6CD73F72E}.Release|Any CPU.ActiveCfg = Release|Any CPU
		{23B4A9AF-B668-40A0-84F0-37C6CD73F72E}.Release|Any CPU.Build.0 = Release|Any CPU
		{F3248D85-7E2D-49B3-92F0-F91A5FF47EF5}.Debug|Any CPU.ActiveCfg = Debug|Any CPU
		{F3248D85-7E2D-49B3-92F0-F91A5FF47EF5}.Debug|Any CPU.Build.0 = Debug|Any CPU
		{F3248D85-7E2D-49B3-92F0-F91A5FF47EF5}.Release|Any CPU.ActiveCfg = Release|Any CPU
		{F3248D85-7E2D-49B3-92F0-F91A5FF47EF5}.Release|Any CPU.Build.0 = Release|Any CPU
		{98E6A9E7-E9A0-4B29-BD3D-E25081EE6A9D}.Debug|Any CPU.ActiveCfg = Debug|Any CPU
		{98E6A9E7-E9A0-4B29-BD3D-E25081EE6A9D}.Debug|Any CPU.Build.0 = Debug|Any CPU
		{98E6A9E7-E9A0-4B29-BD3D-E25081EE6A9D}.Release|Any CPU.ActiveCfg = Release|Any CPU
		{98E6A9E7-E9A0-4B29-BD3D-E25081EE6A9D}.Release|Any CPU.Build.0 = Release|Any CPU
		{286C3972-63C7-4D3B-A93E-74C6F9468048}.Debug|Any CPU.ActiveCfg = Debug|Any CPU
		{286C3972-63C7-4D3B-A93E-74C6F9468048}.Debug|Any CPU.Build.0 = Debug|Any CPU
		{286C3972-63C7-4D3B-A93E-74C6F9468048}.Release|Any CPU.ActiveCfg = Release|Any CPU
		{286C3972-63C7-4D3B-A93E-74C6F9468048}.Release|Any CPU.Build.0 = Release|Any CPU
		{9502A442-174F-4B96-9955-C561517CD2C7}.Debug|Any CPU.ActiveCfg = Debug|Any CPU
		{9502A442-174F-4B96-9955-C561517CD2C7}.Debug|Any CPU.Build.0 = Debug|Any CPU
		{9502A442-174F-4B96-9955-C561517CD2C7}.Release|Any CPU.ActiveCfg = Release|Any CPU
		{9502A442-174F-4B96-9955-C561517CD2C7}.Release|Any CPU.Build.0 = Release|Any CPU
		{07D8C3A3-AD04-4077-983F-74E5E84FDE93}.Debug|Any CPU.ActiveCfg = Debug|Any CPU
		{07D8C3A3-AD04-4077-983F-74E5E84FDE93}.Debug|Any CPU.Build.0 = Debug|Any CPU
		{07D8C3A3-AD04-4077-983F-74E5E84FDE93}.Release|Any CPU.ActiveCfg = Release|Any CPU
		{07D8C3A3-AD04-4077-983F-74E5E84FDE93}.Release|Any CPU.Build.0 = Release|Any CPU
		{2C93A441-739B-41F1-B476-1A26F185ACD0}.Debug|Any CPU.ActiveCfg = Debug|Any CPU
		{2C93A441-739B-41F1-B476-1A26F185ACD0}.Debug|Any CPU.Build.0 = Debug|Any CPU
		{2C93A441-739B-41F1-B476-1A26F185ACD0}.Release|Any CPU.ActiveCfg = Release|Any CPU
		{2C93A441-739B-41F1-B476-1A26F185ACD0}.Release|Any CPU.Build.0 = Release|Any CPU
		{38796564-7CD6-4E78-B2B1-F17179DF3F95}.Debug|Any CPU.ActiveCfg = Debug|Any CPU
		{38796564-7CD6-4E78-B2B1-F17179DF3F95}.Debug|Any CPU.Build.0 = Debug|Any CPU
		{38796564-7CD6-4E78-B2B1-F17179DF3F95}.Release|Any CPU.ActiveCfg = Release|Any CPU
		{38796564-7CD6-4E78-B2B1-F17179DF3F95}.Release|Any CPU.Build.0 = Release|Any CPU
		{40501813-05B5-4DCC-8268-D39B5D2F188B}.Debug|Any CPU.ActiveCfg = Debug|Any CPU
		{40501813-05B5-4DCC-8268-D39B5D2F188B}.Debug|Any CPU.Build.0 = Debug|Any CPU
		{40501813-05B5-4DCC-8268-D39B5D2F188B}.Release|Any CPU.ActiveCfg = Release|Any CPU
		{40501813-05B5-4DCC-8268-D39B5D2F188B}.Release|Any CPU.Build.0 = Release|Any CPU
		{C64C9849-D1C6-4AB2-BB7C-B0BA23C52943}.Debug|Any CPU.ActiveCfg = Debug|Any CPU
		{C64C9849-D1C6-4AB2-BB7C-B0BA23C52943}.Debug|Any CPU.Build.0 = Debug|Any CPU
		{C64C9849-D1C6-4AB2-BB7C-B0BA23C52943}.Release|Any CPU.ActiveCfg = Release|Any CPU
		{C64C9849-D1C6-4AB2-BB7C-B0BA23C52943}.Release|Any CPU.Build.0 = Release|Any CPU
		{E56E7071-BC5D-4CAE-A665-ACCD4810E733}.Debug|Any CPU.ActiveCfg = Debug|Any CPU
		{E56E7071-BC5D-4CAE-A665-ACCD4810E733}.Debug|Any CPU.Build.0 = Debug|Any CPU
		{E56E7071-BC5D-4CAE-A665-ACCD4810E733}.Release|Any CPU.ActiveCfg = Release|Any CPU
		{E56E7071-BC5D-4CAE-A665-ACCD4810E733}.Release|Any CPU.Build.0 = Release|Any CPU
		{6DF6783F-2C57-49B2-8515-BF45472F5C50}.Debug|Any CPU.ActiveCfg = Debug|Any CPU
		{6DF6783F-2C57-49B2-8515-BF45472F5C50}.Debug|Any CPU.Build.0 = Debug|Any CPU
		{6DF6783F-2C57-49B2-8515-BF45472F5C50}.Release|Any CPU.ActiveCfg = Release|Any CPU
		{6DF6783F-2C57-49B2-8515-BF45472F5C50}.Release|Any CPU.Build.0 = Release|Any CPU
		{185314E8-7D47-4063-B7B6-6D86000B5218}.Debug|Any CPU.ActiveCfg = Debug|Any CPU
		{185314E8-7D47-4063-B7B6-6D86000B5218}.Debug|Any CPU.Build.0 = Debug|Any CPU
		{185314E8-7D47-4063-B7B6-6D86000B5218}.Release|Any CPU.ActiveCfg = Release|Any CPU
		{185314E8-7D47-4063-B7B6-6D86000B5218}.Release|Any CPU.Build.0 = Release|Any CPU
	EndGlobalSection
	GlobalSection(SolutionProperties) = preSolution
		HideSolutionNode = FALSE
	EndGlobalSection
	GlobalSection(NestedProjects) = preSolution
		{98EAEE99-716E-4C36-B451-643332618A7E} = {785BC188-81B9-4A7B-BFE5-0019D44A6090}
		{ABB076F3-7548-4BC5-8991-523A5AB3AF26} = {785BC188-81B9-4A7B-BFE5-0019D44A6090}
		{49666B60-3792-465B-A2A8-A4DF1BDF7E2B} = {785BC188-81B9-4A7B-BFE5-0019D44A6090}
		{E5EA7EB6-47E9-4132-9172-3D55A21AAF46} = {785BC188-81B9-4A7B-BFE5-0019D44A6090}
		{F5A9A757-1CB4-47EA-BC65-E7AEE1C908F0} = {785BC188-81B9-4A7B-BFE5-0019D44A6090}
		{E117BD28-EBDD-49B5-A794-AFBF18380CA7} = {55162D43-1BD4-4ED0-9CEC-4576F96A0A33}
		{23B4A9AF-B668-40A0-84F0-37C6CD73F72E} = {55162D43-1BD4-4ED0-9CEC-4576F96A0A33}
		{F3248D85-7E2D-49B3-92F0-F91A5FF47EF5} = {55162D43-1BD4-4ED0-9CEC-4576F96A0A33}
		{98E6A9E7-E9A0-4B29-BD3D-E25081EE6A9D} = {55162D43-1BD4-4ED0-9CEC-4576F96A0A33}
		{286C3972-63C7-4D3B-A93E-74C6F9468048} = {55162D43-1BD4-4ED0-9CEC-4576F96A0A33}
		{9502A442-174F-4B96-9955-C561517CD2C7} = {1BDB8543-D511-4222-A5CF-24193BDD0977}
		{07D8C3A3-AD04-4077-983F-74E5E84FDE93} = {1BDB8543-D511-4222-A5CF-24193BDD0977}
		{2C93A441-739B-41F1-B476-1A26F185ACD0} = {1BDB8543-D511-4222-A5CF-24193BDD0977}
		{38796564-7CD6-4E78-B2B1-F17179DF3F95} = {1BDB8543-D511-4222-A5CF-24193BDD0977}
		{40501813-05B5-4DCC-8268-D39B5D2F188B} = {430EC02F-1956-4200-A06B-C63E2741A16C}
		{C64C9849-D1C6-4AB2-BB7C-B0BA23C52943} = {430EC02F-1956-4200-A06B-C63E2741A16C}
		{E56E7071-BC5D-4CAE-A665-ACCD4810E733} = {430EC02F-1956-4200-A06B-C63E2741A16C}
		{6DF6783F-2C57-49B2-8515-BF45472F5C50} = {430EC02F-1956-4200-A06B-C63E2741A16C}
		{185314E8-7D47-4063-B7B6-6D86000B5218} = {0F84C380-E3C4-4284-A74D-FB87365B0888}
	EndGlobalSection
	GlobalSection(ExtensibilityGlobals) = postSolution
		SolutionGuid = {66B08502-2A7D-4AC1-AC9B-E93938117847}
	EndGlobalSection
EndGlobal
